
Microsoft Visual Studio Solution File, Format Version 12.00
# Visual Studio Version 16
VisualStudioVersion = 16.0.809.6
MinimumVisualStudioVersion = 10.0.40219.1
Project("{FAE04EC0-301F-11D3-BF4B-00C04F79EFBC}") = "Pulumi.Sakuracloud", "Pulumi.Sakuracloud.csproj", "{7E64F271-2B30-48F2-89AC-FA52AE86E928}"
EndProject
Global
	GlobalSection(SolutionConfigurationPlatforms) = preSolution
		Debug|Any CPU = Debug|Any CPU
		Release|Any CPU = Release|Any CPU
	EndGlobalSection
	GlobalSection(ProjectConfigurationPlatforms) = postSolution
		{7E64F271-2B30-48F2-89AC-FA52AE86E928}.Debug|Any CPU.ActiveCfg = Debug|Any CPU
		{7E64F271-2B30-48F2-89AC-FA52AE86E928}.Debug|Any CPU.Build.0 = Debug|Any CPU
		{7E64F271-2B30-48F2-89AC-FA52AE86E928}.Release|Any CPU.ActiveCfg = Release|Any CPU
		{7E64F271-2B30-48F2-89AC-FA52AE86E928}.Release|Any CPU.Build.0 = Release|Any CPU
	EndGlobalSection
	GlobalSection(SolutionProperties) = preSolution
		HideSolutionNode = FALSE
	EndGlobalSection
	GlobalSection(ExtensibilityGlobals) = postSolution
		SolutionGuid = {8BA02417-5405-414B-B7F1-EF5239CAD837}
	EndGlobalSection
EndGlobal
